
Microsoft Visual Studio Solution File, Format Version 12.00
# Visual Studio Version 17
VisualStudioVersion = 17.1.32228.430
MinimumVisualStudioVersion = 10.0.40219.1
Project("{FAE04EC0-301F-11D3-BF4B-00C04F79EFBC}") = "pz_21_", "pz_21_\pz_21_.csproj", "{419BCC5F-6ADA-4B20-B8B4-0C8A6B66BAFB}"
EndProject
Project("{FAE04EC0-301F-11D3-BF4B-00C04F79EFBC}") = "pz_22", "pz_22\pz_22.csproj", "{3DF6DAE3-DF08-40E3-803B-A03553E60571}"
EndProject
Project("{FAE04EC0-301F-11D3-BF4B-00C04F79EFBC}") = "pz_23", "pz_23\pz_23.csproj", "{743EEDC9-DC27-41AE-A091-8492E8C0CD95}"
EndProject
Project("{FAE04EC0-301F-11D3-BF4B-00C04F79EFBC}") = "pz_24", "pz_24\pz_24.csproj", "{2303C05A-7B69-4D95-B78E-2B29CEE18123}"
EndProject
Project("{FAE04EC0-301F-11D3-BF4B-00C04F79EFBC}") = "pz_25", "pz_25\pz_25.csproj", "{C4254976-D2B9-45BD-8D70-181AD882B0BF}"
EndProject
Global
	GlobalSection(SolutionConfigurationPlatforms) = preSolution
		Debug|Any CPU = Debug|Any CPU
		Release|Any CPU = Release|Any CPU
	EndGlobalSection
	GlobalSection(ProjectConfigurationPlatforms) = postSolution
		{419BCC5F-6ADA-4B20-B8B4-0C8A6B66BAFB}.Debug|Any CPU.ActiveCfg = Debug|Any CPU
		{419BCC5F-6ADA-4B20-B8B4-0C8A6B66BAFB}.Debug|Any CPU.Build.0 = Debug|Any CPU
		{419BCC5F-6ADA-4B20-B8B4-0C8A6B66BAFB}.Release|Any CPU.ActiveCfg = Release|Any CPU
		{419BCC5F-6ADA-4B20-B8B4-0C8A6B66BAFB}.Release|Any CPU.Build.0 = Release|Any CPU
		{3DF6DAE3-DF08-40E3-803B-A03553E60571}.Debug|Any CPU.ActiveCfg = Debug|Any CPU
		{3DF6DAE3-DF08-40E3-803B-A03553E60571}.Debug|Any CPU.Build.0 = Debug|Any CPU
		{3DF6DAE3-DF08-40E3-803B-A03553E60571}.Release|Any CPU.ActiveCfg = Release|Any CPU
		{3DF6DAE3-DF08-40E3-803B-A03553E60571}.Release|Any CPU.Build.0 = Release|Any CPU
		{743EEDC9-DC27-41AE-A091-8492E8C0CD95}.Debug|Any CPU.ActiveCfg = Debug|Any CPU
		{743EEDC9-DC27-41AE-A091-8492E8C0CD95}.Debug|Any CPU.Build.0 = Debug|Any CPU
		{743EEDC9-DC27-41AE-A091-8492E8C0CD95}.Release|Any CPU.ActiveCfg = Release|Any CPU
		{743EEDC9-DC27-41AE-A091-8492E8C0CD95}.Release|Any CPU.Build.0 = Release|Any CPU
		{2303C05A-7B69-4D95-B78E-2B29CEE18123}.Debug|Any CPU.ActiveCfg = Debug|Any CPU
		{2303C05A-7B69-4D95-B78E-2B29CEE18123}.Debug|Any CPU.Build.0 = Debug|Any CPU
		{2303C05A-7B69-4D95-B78E-2B29CEE18123}.Release|Any CPU.ActiveCfg = Release|Any CPU
		{2303C05A-7B69-4D95-B78E-2B29CEE18123}.Release|Any CPU.Build.0 = Release|Any CPU
		{C4254976-D2B9-45BD-8D70-181AD882B0BF}.Debug|Any CPU.ActiveCfg = Debug|Any CPU
		{C4254976-D2B9-45BD-8D70-181AD882B0BF}.Debug|Any CPU.Build.0 = Debug|Any CPU
		{C4254976-D2B9-45BD-8D70-181AD882B0BF}.Release|Any CPU.ActiveCfg = Release|Any CPU
		{C4254976-D2B9-45BD-8D70-181AD882B0BF}.Release|Any CPU.Build.0 = Release|Any CPU
	EndGlobalSection
	GlobalSection(SolutionProperties) = preSolution
		HideSolutionNode = FALSE
	EndGlobalSection
	GlobalSection(ExtensibilityGlobals) = postSolution
		SolutionGuid = {0A7E0E51-224D-43B9-BB64-041275987712}
	EndGlobalSection
EndGlobal
